<?xml version="1.0" encoding="utf-8"?>
<Project ToolsVersion="4.0" xmlns="http://schemas.microsoft.com/developer/msbuild/2003">
  <ItemGroup>
    <Filter Include="Arquivos de Origem">
      <UniqueIdentifier>{4FC737F1-C7A5-4376-A066-2A32D752A2FF}</UniqueIdentifier>
      <Extensions>cpp;c;cc;cxx;def;odl;idl;hpj;bat;asm;asmx</Extensions>
    </Filter>
    <Filter Include="Arquivos de Cabeçalho">
      <UniqueIdentifier>{93995380-89BD-4b04-88EB-625FBE52EBFB}</UniqueIdentifier>
      <Extensions>h;hh;hpp;hxx;hm;inl;inc;ipp;xsd</Extensions>
    </Filter>
    <Filter Include="Arquivos de Recurso">
      <UniqueIdentifier>{67DA6AB6-F800-4c08-8B7A-83BB121AAD01}</UniqueIdentifier>
      <Extensions>rc;ico;cur;bmp;dlg;rc2;rct;bin;rgs;gif;jpg;jpeg;jpe;resx;tiff;tif;png;wav;mfcribbon-ms</Extensions>
    </Filter>
  </ItemGroup>
  <ItemGroup>
    <ClCompile Include="GG Auth Server.cpp">
      <Filter>Arquivos de Origem</Filter>
    </ClCompile>
    <ClCompile Include="gg_auth_server.cpp">
      <Filter>Arquivos de Origem</Filter>
    </ClCompile>
    <ClCompile Include="..\..\Projeto IOCP\UNIT\unit.cpp">
      <Filter>Arquivos de Origem</Filter>
    </ClCompile>
    <ClCompile Include="..\PACKET\packet_func_gg_as.cpp">
      <Filter>Arquivos de Origem</Filter>
    </ClCompile>
    <ClCompile Include="..\SESSION\player.cpp">
      <Filter>Arquivos de Origem</Filter>
    </ClCompile>
    <ClCompile Include="..\SESSION\player_manager.cpp">
      <Filter>Arquivos de Origem</Filter>
    </ClCompile>
    <ClCompile Include="..\TYPE\player_info.cpp">
      <Filter>Arquivos de Origem</Filter>
    </ClCompile>
    <ClCompile Include="..\..\Projeto IOCP\SOCKET\session.cpp">
      <Filter>Arquivos de Origem</Filter>
    </ClCompile>
    <ClCompile Include="..\..\Projeto IOCP\SOCKET\session_manager.cpp">
      <Filter>Arquivos de Origem</Filter>
    </ClCompile>
    <ClCompile Include="..\..\Projeto IOCP\SOCKET\socket.cpp">
      <Filter>Arquivos de Origem</Filter>
    </ClCompile>
    <ClCompile Include="..\..\Projeto IOCP\SOCKET\socketserver.cpp">
      <Filter>Arquivos de Origem</Filter>
    </ClCompile>
    <ClCompile Include="..\..\Projeto IOCP\SOCKET\wsa.cpp">
      <Filter>Arquivos de Origem</Filter>
    </ClCompile>
    <ClCompile Include="..\..\Projeto IOCP\THREAD POOL\job.cpp">
      <Filter>Arquivos de Origem</Filter>
    </ClCompile>
    <ClCompile Include="..\..\Projeto IOCP\THREAD POOL\thread.cpp">
      <Filter>Arquivos de Origem</Filter>
    </ClCompile>
    <ClCompile Include="..\..\Projeto IOCP\THREAD POOL\threadpl_unit.cpp">
      <Filter>Arquivos de Origem</Filter>
    </ClCompile>
    <ClCompile Include="..\..\Projeto IOCP\THREAD POOL\threadpool.cpp">
      <Filter>Arquivos de Origem</Filter>
    </ClCompile>
    <ClCompile Include="..\..\Projeto IOCP\TIMER\timer.cpp">
      <Filter>Arquivos de Origem</Filter>
    </ClCompile>
    <ClCompile Include="..\..\Projeto IOCP\TIMER\timer_manager.cpp">
      <Filter>Arquivos de Origem</Filter>
    </ClCompile>
    <ClCompile Include="..\..\Projeto IOCP\PACKET\packet.cpp">
      <Filter>Arquivos de Origem</Filter>
    </ClCompile>
    <ClCompile Include="..\..\Projeto IOCP\PACKET\packet_func.cpp">
      <Filter>Arquivos de Origem</Filter>
    </ClCompile>
    <ClCompile Include="..\..\Projeto IOCP\COMPRESS\compress.cpp">
      <Filter>Arquivos de Origem</Filter>
    </ClCompile>
    <ClCompile Include="..\..\Projeto IOCP\COMPRESS\minilzo.c">
      <Filter>Arquivos de Origem</Filter>
    </ClCompile>
    <ClCompile Include="..\..\Projeto IOCP\CRYPT\crypt.cpp">
      <Filter>Arquivos de Origem</Filter>
    </ClCompile>
    <ClCompile Include="..\..\Projeto IOCP\DATABASE\database.cpp">
      <Filter>Arquivos de Origem</Filter>
    </ClCompile>
    <ClCompile Include="..\..\Projeto IOCP\DATABASE\exec_query.cpp">
      <Filter>Arquivos de Origem</Filter>
    </ClCompile>
    <ClCompile Include="..\..\Projeto IOCP\DATABASE\mssql.cpp">
      <Filter>Arquivos de Origem</Filter>
    </ClCompile>
    <ClCompile Include="..\..\Projeto IOCP\DATABASE\normal_db.cpp">
      <Filter>Arquivos de Origem</Filter>
    </ClCompile>
    <ClCompile Include="..\..\Projeto IOCP\DATABASE\normal_manager_db.cpp">
      <Filter>Arquivos de Origem</Filter>
    </ClCompile>
    <ClCompile Include="..\..\Projeto IOCP\DATABASE\response.cpp">
      <Filter>Arquivos de Origem</Filter>
    </ClCompile>
    <ClCompile Include="..\..\Projeto IOCP\DATABASE\result_set.cpp">
      <Filter>Arquivos de Origem</Filter>
    </ClCompile>
    <ClCompile Include="..\..\Projeto IOCP\IOCP\iocp.cpp">
      <Filter>Arquivos de Origem</Filter>
    </ClCompile>
    <ClCompile Include="..\..\Projeto IOCP\PANGYA_DB\cmd_list_ip_ban.cpp">
      <Filter>Arquivos de Origem</Filter>
    </ClCompile>
    <ClCompile Include="..\..\Projeto IOCP\PANGYA_DB\cmd_list_mac_ban.cpp">
      <Filter>Arquivos de Origem</Filter>
    </ClCompile>
    <ClCompile Include="..\..\Projeto IOCP\PANGYA_DB\cmd_rate_config_info.cpp">
      <Filter>Arquivos de Origem</Filter>
    </ClCompile>
    <ClCompile Include="..\..\Projeto IOCP\PANGYA_DB\cmd_register_server.cpp">
      <Filter>Arquivos de Origem</Filter>
    </ClCompile>
    <ClCompile Include="..\..\Projeto IOCP\PANGYA_DB\cmd_update_rate_config_info.cpp">
      <Filter>Arquivos de Origem</Filter>
    </ClCompile>
    <ClCompile Include="..\..\Projeto IOCP\UTIL\buffer.cpp">
      <Filter>Arquivos de Origem</Filter>
    </ClCompile>
    <ClCompile Include="..\..\Projeto IOCP\UTIL\exception.cpp">
      <Filter>Arquivos de Origem</Filter>
    </ClCompile>
    <ClCompile Include="..\..\Projeto IOCP\UTIL\func_arr.cpp">
      <Filter>Arquivos de Origem</Filter>
    </ClCompile>
    <ClCompile Include="..\..\Projeto IOCP\UTIL\hex_util.cpp">
      <Filter>Arquivos de Origem</Filter>
    </ClCompile>
    <ClCompile Include="..\..\Projeto IOCP\UTIL\message.cpp">
      <Filter>Arquivos de Origem</Filter>
    </ClCompile>
    <ClCompile Include="..\..\Projeto IOCP\UTIL\message_pool.cpp">
      <Filter>Arquivos de Origem</Filter>
    </ClCompile>
    <ClCompile Include="..\..\Projeto IOCP\UTIL\reader_ini.cpp">
      <Filter>Arquivos de Origem</Filter>
    </ClCompile>
    <ClCompile Include="..\..\Projeto IOCP\UTIL\util_time.cpp">
      <Filter>Arquivos de Origem</Filter>
    </ClCompile>
    <ClCompile Include="..\..\Projeto IOCP\THREAD POOL\job_pool.cpp">
      <Filter>Arquivos de Origem</Filter>
    </ClCompile>
    <ClCompile Include="..\..\Projeto IOCP\PANGYA_DB\cmd_server_list.cpp">
      <Filter>Arquivos de Origem</Filter>
    </ClCompile>
    <ClCompile Include="..\..\Projeto IOCP\PANGYA_DB\pangya_db.cpp">
      <Filter>Arquivos de Origem</Filter>
    </ClCompile>
    <ClCompile Include="..\..\Projeto IOCP\UNIT\unit_connect.cpp">
      <Filter>Arquivos de Origem</Filter>
    </ClCompile>
    <ClCompile Include="..\..\Projeto IOCP\PANGYA_DB\cmd_new_auth_server_key.cpp">
      <Filter>Arquivos de Origem</Filter>
    </ClCompile>
    <ClCompile Include="..\CSAuth\GGAuth.cpp">
      <Filter>Arquivos de Origem</Filter>
    </ClCompile>
    <ClCompile Include="..\..\Projeto IOCP\UTIL\md5.cpp">
      <Filter>Arquivos de Origem</Filter>
    </ClCompile>
    <ClCompile Include="..\..\Projeto IOCP\UNIT\unit_auth_server_connect.cpp">
      <Filter>Arquivos de Origem</Filter>
    </ClCompile>
  </ItemGroup>
  <ItemGroup>
    <ClInclude Include="gg_auth_server.hpp">
      <Filter>Arquivos de Origem</Filter>
    </ClInclude>
  </ItemGroup>
</Project>