
Microsoft Visual Studio Solution File, Format Version 12.00
# Visual Studio 15
VisualStudioVersion = 15.0.28307.1169
MinimumVisualStudioVersion = 10.0.40219.1
Project("{8BC9CEB8-8B4A-11D0-8D11-00A0C91BC942}") = "Rank Server", "Rank Server\Rank Server.vcxproj", "{B98C9E7A-2BCD-4BE8-84A2-8EF130A33958}"
EndProject
Global
	GlobalSection(SolutionConfigurationPlatforms) = preSolution
		Debug|x64 = Debug|x64
		Debug|x86 = Debug|x86
		Release|x64 = Release|x64
		Release|x86 = Release|x86
	EndGlobalSection
	GlobalSection(ProjectConfigurationPlatforms) = postSolution
		{B98C9E7A-2BCD-4BE8-84A2-8EF130A33958}.Debug|x64.ActiveCfg = Debug|x64
		{B98C9E7A-2BCD-4BE8-84A2-8EF130A33958}.Debug|x64.Build.0 = Debug|x64
		{B98C9E7A-2BCD-4BE8-84A2-8EF130A33958}.Debug|x86.ActiveCfg = Debug|Win32
		{B98C9E7A-2BCD-4BE8-84A2-8EF130A33958}.Debug|x86.Build.0 = Debug|Win32
		{B98C9E7A-2BCD-4BE8-84A2-8EF130A33958}.Release|x64.ActiveCfg = Release|x64
		{B98C9E7A-2BCD-4BE8-84A2-8EF130A33958}.Release|x64.Build.0 = Release|x64
		{B98C9E7A-2BCD-4BE8-84A2-8EF130A33958}.Release|x86.ActiveCfg = Release|Win32
		{B98C9E7A-2BCD-4BE8-84A2-8EF130A33958}.Release|x86.Build.0 = Release|Win32
	EndGlobalSection
	GlobalSection(SolutionProperties) = preSolution
		HideSolutionNode = FALSE
	EndGlobalSection
	GlobalSection(ExtensibilityGlobals) = postSolution
		SolutionGuid = {8CE2B772-581E-4B0C-A2D7-37875B107F7F}
	EndGlobalSection
EndGlobal
