
Microsoft Visual Studio Solution File, Format Version 12.00
# Visual Studio 15
VisualStudioVersion = 15.0.28307.1831
MinimumVisualStudioVersion = 10.0.40219.1
Project("{8BC9CEB8-8B4A-11D0-8D11-00A0C91BC942}") = "GGSrvLib26-1", "GGSrvLib26-1\GGSrvLib26-1.vcxproj", "{CEBADFF6-17ED-4DED-A70C-2A738F699AB1}"
EndProject
Global
	GlobalSection(SolutionConfigurationPlatforms) = preSolution
		Debug|x64 = Debug|x64
		Debug|x86 = Debug|x86
		Release|x64 = Release|x64
		Release|x86 = Release|x86
	EndGlobalSection
	GlobalSection(ProjectConfigurationPlatforms) = postSolution
		{CEBADFF6-17ED-4DED-A70C-2A738F699AB1}.Debug|x64.ActiveCfg = Debug|x64
		{CEBADFF6-17ED-4DED-A70C-2A738F699AB1}.Debug|x64.Build.0 = Debug|x64
		{CEBADFF6-17ED-4DED-A70C-2A738F699AB1}.Debug|x86.ActiveCfg = Debug|Win32
		{CEBADFF6-17ED-4DED-A70C-2A738F699AB1}.Debug|x86.Build.0 = Debug|Win32
		{CEBADFF6-17ED-4DED-A70C-2A738F699AB1}.Release|x64.ActiveCfg = Release|x64
		{CEBADFF6-17ED-4DED-A70C-2A738F699AB1}.Release|x64.Build.0 = Release|x64
		{CEBADFF6-17ED-4DED-A70C-2A738F699AB1}.Release|x86.ActiveCfg = Release|Win32
		{CEBADFF6-17ED-4DED-A70C-2A738F699AB1}.Release|x86.Build.0 = Release|Win32
	EndGlobalSection
	GlobalSection(SolutionProperties) = preSolution
		HideSolutionNode = FALSE
	EndGlobalSection
	GlobalSection(ExtensibilityGlobals) = postSolution
		SolutionGuid = {88584017-C0F4-4229-B2B7-B7AC9AEB1A0C}
	EndGlobalSection
EndGlobal
